// !$*UTF8*$!
{
	archiveVersion = 1;
	classes = {
	};
	objectVersion = 56;
	objects = {

/* Begin PBXBuildFile section */
		E90196652A422C4C0080DEBA /* QuoteListViewController.swift in Sources */ = {isa = PBXBuildFile; fileRef = E90196642A422C4C0080DEBA /* QuoteListViewController.swift */; };
		E90196672A422CD10080DEBA /* Quote.swift in Sources */ = {isa = PBXBuildFile; fileRef = E90196662A422CD10080DEBA /* Quote.swift */; };
		E90196692A422CDE0080DEBA /* QuoteBrain.swift in Sources */ = {isa = PBXBuildFile; fileRef = E90196682A422CDE0080DEBA /* QuoteBrain.swift */; };
		E96AFAF12A421A25001A4E85 /* AppDelegate.swift in Sources */ = {isa = PBXBuildFile; fileRef = E96AFAF02A421A25001A4E85 /* AppDelegate.swift */; };
		E96AFAF32A421A25001A4E85 /* SceneDelegate.swift in Sources */ = {isa = PBXBuildFile; fileRef = E96AFAF22A421A25001A4E85 /* SceneDelegate.swift */; };
		E96AFAF52A421A25001A4E85 /* QuoteViewController.swift in Sources */ = {isa = PBXBuildFile; fileRef = E96AFAF42A421A25001A4E85 /* QuoteViewController.swift */; };
		E96AFAF82A421A25001A4E85 /* Main.storyboard in Resources */ = {isa = PBXBuildFile; fileRef = E96AFAF62A421A25001A4E85 /* Main.storyboard */; };
		E96AFAFA2A421A26001A4E85 /* Assets.xcassets in Resources */ = {isa = PBXBuildFile; fileRef = E96AFAF92A421A26001A4E85 /* Assets.xcassets */; };
		E96AFAFD2A421A26001A4E85 /* LaunchScreen.storyboard in Resources */ = {isa = PBXBuildFile; fileRef = E96AFAFB2A421A26001A4E85 /* LaunchScreen.storyboard */; };
/* End PBXBuildFile section */

/* Begin PBXFileReference section */
		E90196642A422C4C0080DEBA /* QuoteListViewController.swift */ = {isa = PBXFileReference; lastKnownFileType = sourcecode.swift; path = QuoteListViewController.swift; sourceTree = "<group>"; };
		E90196662A422CD10080DEBA /* Quote.swift */ = {isa = PBXFileReference; lastKnownFileType = sourcecode.swift; path = Quote.swift; sourceTree = "<group>"; };
		E90196682A422CDE0080DEBA /* QuoteBrain.swift */ = {isa = PBXFileReference; lastKnownFileType = sourcecode.swift; path = QuoteBrain.swift; sourceTree = "<group>"; };
		E96AFAED2A421A25001A4E85 /* InspireNow.app */ = {isa = PBXFileReference; explicitFileType = wrapper.application; includeInIndex = 0; path = InspireNow.app; sourceTree = BUILT_PRODUCTS_DIR; };
		E96AFAF02A421A25001A4E85 /* AppDelegate.swift */ = {isa = PBXFileReference; lastKnownFileType = sourcecode.swift; path = AppDelegate.swift; sourceTree = "<group>"; };
		E96AFAF22A421A25001A4E85 /* SceneDelegate.swift */ = {isa = PBXFileReference; lastKnownFileType = sourcecode.swift; path = SceneDelegate.swift; sourceTree = "<group>"; };
		E96AFAF42A421A25001A4E85 /* QuoteViewController.swift */ = {isa = PBXFileReference; lastKnownFileType = sourcecode.swift; path = QuoteViewController.swift; sourceTree = "<group>"; };
		E96AFAF72A421A25001A4E85 /* Base */ = {isa = PBXFileReference; lastKnownFileType = file.storyboard; name = Base; path = Base.lproj/Main.storyboard; sourceTree = "<group>"; };
		E96AFAF92A421A26001A4E85 /* Assets.xcassets */ = {isa = PBXFileReference; lastKnownFileType = folder.assetcatalog; path = Assets.xcassets; sourceTree = "<group>"; };
		E96AFAFC2A421A26001A4E85 /* Base */ = {isa = PBXFileReference; lastKnownFileType = file.storyboard; name = Base; path = Base.lproj/LaunchScreen.storyboard; sourceTree = "<group>"; };
		E96AFAFE2A421A26001A4E85 /* Info.plist */ = {isa = PBXFileReference; lastKnownFileType = text.plist.xml; path = Info.plist; sourceTree = "<group>"; };
/* End PBXFileReference section */

/* Begin PBXFrameworksBuildPhase section */
		E96AFAEA2A421A25001A4E85 /* Frameworks */ = {
			isa = PBXFrameworksBuildPhase;
			buildActionMask = 2147483647;
			files = (
			);
			runOnlyForDeploymentPostprocessing = 0;
		};
/* End PBXFrameworksBuildPhase section */

/* Begin PBXGroup section */
		E901966A2A422CE70080DEBA /* Models */ = {
			isa = PBXGroup;
			children = (
				E90196662A422CD10080DEBA /* Quote.swift */,
				E90196682A422CDE0080DEBA /* QuoteBrain.swift */,
			);
			path = Models;
			sourceTree = "<group>";
		};
		E901966B2A422CEF0080DEBA /* Views */ = {
			isa = PBXGroup;
			children = (
				E96AFAF62A421A25001A4E85 /* Main.storyboard */,
				E96AFAFB2A421A26001A4E85 /* LaunchScreen.storyboard */,
			);
			path = Views;
			sourceTree = "<group>";
		};
		E901966C2A422CFA0080DEBA /* Controllers */ = {
			isa = PBXGroup;
			children = (
				E96AFAF42A421A25001A4E85 /* QuoteViewController.swift */,
				E90196642A422C4C0080DEBA /* QuoteListViewController.swift */,
			);
			path = Controllers;
			sourceTree = "<group>";
		};
		E96AFAE42A421A25001A4E85 = {
			isa = PBXGroup;
			children = (
				E96AFAEF2A421A25001A4E85 /* InspireNow */,
				E96AFAEE2A421A25001A4E85 /* Products */,
			);
			sourceTree = "<group>";
		};
		E96AFAEE2A421A25001A4E85 /* Products */ = {
			isa = PBXGroup;
			children = (
				E96AFAED2A421A25001A4E85 /* InspireNow.app */,
			);
			name = Products;
			sourceTree = "<group>";
		};
		E96AFAEF2A421A25001A4E85 /* InspireNow */ = {
			isa = PBXGroup;
			children = (
				E96AFAF02A421A25001A4E85 /* AppDelegate.swift */,
				E96AFAF22A421A25001A4E85 /* SceneDelegate.swift */,
				E901966A2A422CE70080DEBA /* Models */,
				E901966B2A422CEF0080DEBA /* Views */,
				E901966C2A422CFA0080DEBA /* Controllers */,
				E96AFAF92A421A26001A4E85 /* Assets.xcassets */,
				E96AFAFE2A421A26001A4E85 /* Info.plist */,
			);
			path = InspireNow;
			sourceTree = "<group>";
		};
/* End PBXGroup section */

/* Begin PBXNativeTarget section */
		E96AFAEC2A421A25001A4E85 /* InspireNow */ = {
			isa = PBXNativeTarget;
			buildConfigurationList = E96AFB012A421A26001A4E85 /* Build configuration list for PBXNativeTarget "InspireNow" */;
			buildPhases = (
				E96AFAE92A421A25001A4E85 /* Sources */,
				E96AFAEA2A421A25001A4E85 /* Frameworks */,
				E96AFAEB2A421A25001A4E85 /* Resources */,
			);
			buildRules = (
			);
			dependencies = (
			);
			name = InspireNow;
			productName = InspireNow;
			productReference = E96AFAED2A421A25001A4E85 /* InspireNow.app */;
			productType = "com.apple.product-type.application";
		};
/* End PBXNativeTarget section */

/* Begin PBXProject section */
		E96AFAE52A421A25001A4E85 /* Project object */ = {
			isa = PBXProject;
			attributes = {
				BuildIndependentTargetsInParallel = 1;
				LastSwiftUpdateCheck = 1430;
				LastUpgradeCheck = 1430;
				TargetAttributes = {
					E96AFAEC2A421A25001A4E85 = {
						CreatedOnToolsVersion = 14.3.1;
					};
				};
			};
			buildConfigurationList = E96AFAE82A421A25001A4E85 /* Build configuration list for PBXProject "InspireNow" */;
			compatibilityVersion = "Xcode 14.0";
			developmentRegion = en;
			hasScannedForEncodings = 0;
			knownRegions = (
				en,
				Base,
			);
			mainGroup = E96AFAE42A421A25001A4E85;
			productRefGroup = E96AFAEE2A421A25001A4E85 /* Products */;
			projectDirPath = "";
			projectRoot = "";
			targets = (
				E96AFAEC2A421A25001A4E85 /* InspireNow */,
			);
		};
/* End PBXProject section */

/* Begin PBXResourcesBuildPhase section */
		E96AFAEB2A421A25001A4E85 /* Resources */ = {
			isa = PBXResourcesBuildPhase;
			buildActionMask = 2147483647;
			files = (
				E96AFAFD2A421A26001A4E85 /* LaunchScreen.storyboard in Resources */,
				E96AFAFA2A421A26001A4E85 /* Assets.xcassets in Resources */,
				E96AFAF82A421A25001A4E85 /* Main.storyboard in Resources */,
			);
			runOnlyForDeploymentPostprocessing = 0;
		};
/* End PBXResourcesBuildPhase section */

/* Begin PBXSourcesBuildPhase section */
		E96AFAE92A421A25001A4E85 /* Sources */ = {
			isa = PBXSourcesBuildPhase;
			buildActionMask = 2147483647;
			files = (
				E96AFAF52A421A25001A4E85 /* QuoteViewController.swift in Sources */,
				E96AFAF12A421A25001A4E85 /* AppDelegate.swift in Sources */,
				E90196652A422C4C0080DEBA /* QuoteListViewController.swift in Sources */,
				E90196672A422CD10080DEBA /* Quote.swift in Sources */,
				E96AFAF32A421A25001A4E85 /* SceneDelegate.swift in Sources */,
				E90196692A422CDE0080DEBA /* QuoteBrain.swift in Sources */,
			);
			runOnlyForDeploymentPostprocessing = 0;
		};
/* End PBXSourcesBuildPhase section */

/* Begin PBXVariantGroup section */
		E96AFAF62A421A25001A4E85 /* Main.storyboard */ = {
			isa = PBXVariantGroup;
			children = (
				E96AFAF72A421A25001A4E85 /* Base */,
			);
			name = Main.storyboard;
			sourceTree = "<group>";
		};
		E96AFAFB2A421A26001A4E85 /* LaunchScreen.storyboard */ = {
			isa = PBXVariantGroup;
			children = (
				E96AFAFC2A421A26001A4E85 /* Base */,
			);
			name = LaunchScreen.storyboard;
			sourceTree = "<group>";
		};
/* End PBXVariantGroup section */

/* Begin XCBuildConfiguration section */
		E96AFAFF2A421A26001A4E85 /* Debug */ = {
			isa = XCBuildConfiguration;
			buildSettings = {
				ALWAYS_SEARCH_USER_PATHS = NO;
				CLANG_ANALYZER_NONNULL = YES;
				CLANG_ANALYZER_NUMBER_OBJECT_CONVERSION = YES_AGGRESSIVE;
				CLANG_CXX_LANGUAGE_STANDARD = "gnu++20";
				CLANG_ENABLE_MODULES = YES;
				CLANG_ENABLE_OBJC_ARC = YES;
				CLANG_ENABLE_OBJC_WEAK = YES;
				CLANG_WARN_BLOCK_CAPTURE_AUTORELEASING = YES;
				CLANG_WARN_BOOL_CONVERSION = YES;
				CLANG_WARN_COMMA = YES;
				CLANG_WARN_CONSTANT_CONVERSION = YES;
				CLANG_WARN_DEPRECATED_OBJC_IMPLEMENTATIONS = YES;
				CLANG_WARN_DIRECT_OBJC_ISA_USAGE = YES_ERROR;
				CLANG_WARN_DOCUMENTATION_COMMENTS = YES;
				CLANG_WARN_EMPTY_BODY = YES;
				CLANG_WARN_ENUM_CONVERSION = YES;
				CLANG_WARN_INFINITE_RECURSION = YES;
				CLANG_WARN_INT_CONVERSION = YES;
				CLANG_WARN_NON_LITERAL_NULL_CONVERSION = YES;
				CLANG_WARN_OBJC_IMPLICIT_RETAIN_SELF = YES;
				CLANG_WARN_OBJC_LITERAL_CONVERSION = YES;
				CLANG_WARN_OBJC_ROOT_CLASS = YES_ERROR;
				CLANG_WARN_QUOTED_INCLUDE_IN_FRAMEWORK_HEADER = YES;
				CLANG_WARN_RANGE_LOOP_ANALYSIS = YES;
				CLANG_WARN_STRICT_PROTOTYPES = YES;
				CLANG_WARN_SUSPICIOUS_MOVE = YES;
				CLANG_WARN_UNGUARDED_AVAILABILITY = YES_AGGRESSIVE;
				CLANG_WARN_UNREACHABLE_CODE = YES;
				CLANG_WARN__DUPLICATE_METHOD_MATCH = YES;
				COPY_PHASE_STRIP = NO;
				DEBUG_INFORMATION_FORMAT = dwarf;
				ENABLE_STRICT_OBJC_MSGSEND = YES;
				ENABLE_TESTABILITY = YES;
				GCC_C_LANGUAGE_STANDARD = gnu11;
				GCC_DYNAMIC_NO_PIC = NO;
				GCC_NO_COMMON_BLOCKS = YES;
				GCC_OPTIMIZATION_LEVEL = 0;
				GCC_PREPROCESSOR_DEFINITIONS = (
					"DEBUG=1",
					"$(inherited)",
				);
				GCC_WARN_64_TO_32_BIT_CONVERSION = YES;
				GCC_WARN_ABOUT_RETURN_TYPE = YES_ERROR;
				GCC_WARN_UNDECLARED_SELECTOR = YES;
				GCC_WARN_UNINITIALIZED_AUTOS = YES_AGGRESSIVE;
				GCC_WARN_UNUSED_FUNCTION = YES;
				GCC_WARN_UNUSED_VARIABLE = YES;
				IPHONEOS_DEPLOYMENT_TARGET = 16.4;
				MTL_ENABLE_DEBUG_INFO = INCLUDE_SOURCE;
				MTL_FAST_MATH = YES;
				ONLY_ACTIVE_ARCH = YES;
				SDKROOT = iphoneos;
				SWIFT_ACTIVE_COMPILATION_CONDITIONS = DEBUG;
				SWIFT_OPTIMIZATION_LEVEL = "-Onone";
			};
			name = Debug;
		};
		E96AFB002A421A26001A4E85 /* Release */ = {
			isa = XCBuildConfiguration;
			buildSettings = {
				ALWAYS_SEARCH_USER_PATHS = NO;
				CLANG_ANALYZER_NONNULL = YES;
				CLANG_ANALYZER_NUMBER_OBJECT_CONVERSION = YES_AGGRESSIVE;
				CLANG_CXX_LANGUAGE_STANDARD = "gnu++20";
				CLANG_ENABLE_MODULES = YES;
				CLANG_ENABLE_OBJC_ARC = YES;
				CLANG_ENABLE_OBJC_WEAK = YES;
				CLANG_WARN_BLOCK_CAPTURE_AUTORELEASING = YES;
				CLANG_WARN_BOOL_CONVERSION = YES;
				CLANG_WARN_COMMA = YES;
				CLANG_WARN_CONSTANT_CONVERSION = YES;
				CLANG_WARN_DEPRECATED_OBJC_IMPLEMENTATIONS = YES;
				CLANG_WARN_DIRECT_OBJC_ISA_USAGE = YES_ERROR;
				CLANG_WARN_DOCUMENTATION_COMMENTS = YES;
				CLANG_WARN_EMPTY_BODY = YES;
				CLANG_WARN_ENUM_CONVERSION = YES;
				CLANG_WARN_INFINITE_RECURSION = YES;
				CLANG_WARN_INT_CONVERSION = YES;
				CLANG_WARN_NON_LITERAL_NULL_CONVERSION = YES;
				CLANG_WARN_OBJC_IMPLICIT_RETAIN_SELF = YES;
				CLANG_WARN_OBJC_LITERAL_CONVERSION = YES;
				CLANG_WARN_OBJC_ROOT_CLASS = YES_ERROR;
				CLANG_WARN_QUOTED_INCLUDE_IN_FRAMEWORK_HEADER = YES;
				CLANG_WARN_RANGE_LOOP_ANALYSIS = YES;
				CLANG_WARN_STRICT_PROTOTYPES = YES;
				CLANG_WARN_SUSPICIOUS_MOVE = YES;
				CLANG_WARN_UNGUARDED_AVAILABILITY = YES_AGGRESSIVE;
				CLANG_WARN_UNREACHABLE_CODE = YES;
				CLANG_WARN__DUPLICATE_METHOD_MATCH = YES;
				COPY_PHASE_STRIP = NO;
				DEBUG_INFORMATION_FORMAT = "dwarf-with-dsym";
				ENABLE_NS_ASSERTIONS = NO;
				ENABLE_STRICT_OBJC_MSGSEND = YES;
				GCC_C_LANGUAGE_STANDARD = gnu11;
				GCC_NO_COMMON_BLOCKS = YES;
				GCC_WARN_64_TO_32_BIT_CONVERSION = YES;
				GCC_WARN_ABOUT_RETURN_TYPE = YES_ERROR;
				GCC_WARN_UNDECLARED_SELECTOR = YES;
				GCC_WARN_UNINITIALIZED_AUTOS = YES_AGGRESSIVE;
				GCC_WARN_UNUSED_FUNCTION = YES;
				GCC_WARN_UNUSED_VARIABLE = YES;
				IPHONEOS_DEPLOYMENT_TARGET = 16.4;
				MTL_ENABLE_DEBUG_INFO = NO;
				MTL_FAST_MATH = YES;
				SDKROOT = iphoneos;
				SWIFT_COMPILATION_MODE = wholemodule;
				SWIFT_OPTIMIZATION_LEVEL = "-O";
				VALIDATE_PRODUCT = YES;
			};
			name = Release;
		};
		E96AFB022A421A26001A4E85 /* Debug */ = {
			isa = XCBuildConfiguration;
			buildSettings = {
				ASSETCATALOG_COMPILER_ALTERNATE_APPICON_NAMES = AlternateAppIcon;
				ASSETCATALOG_COMPILER_APPICON_NAME = AppIcon;
				"ASSETCATALOG_COMPILER_APPICON_NAME[sdk=iphoneos*]" = AppIcon;
				ASSETCATALOG_COMPILER_GLOBAL_ACCENT_COLOR_NAME = AccentColor;
				ASSETCATALOG_COMPILER_INCLUDE_ALL_APPICON_ASSETS = YES;
				CODE_SIGN_STYLE = Automatic;
				CURRENT_PROJECT_VERSION = 1;
				DEVELOPMENT_TEAM = 699B45TF7E;
				GENERATE_INFOPLIST_FILE = YES;
				INFOPLIST_FILE = InspireNow/Info.plist;
				INFOPLIST_KEY_CFBundleDisplayName = InspireNow;
				INFOPLIST_KEY_LSApplicationCategoryType = "public.app-category.reference";
				INFOPLIST_KEY_UIApplicationSupportsIndirectInputEvents = YES;
				INFOPLIST_KEY_UILaunchStoryboardName = LaunchScreen.storyboard;
				INFOPLIST_KEY_UIMainStoryboardFile = Main;
				INFOPLIST_KEY_UIRequiresFullScreen = YES;
				INFOPLIST_KEY_UISupportedInterfaceOrientations_iPad = "UIInterfaceOrientationPortrait UIInterfaceOrientationPortraitUpsideDown UIInterfaceOrientationLandscapeLeft UIInterfaceOrientationLandscapeRight";
				INFOPLIST_KEY_UISupportedInterfaceOrientations_iPhone = "UIInterfaceOrientationPortrait UIInterfaceOrientationLandscapeLeft UIInterfaceOrientationLandscapeRight";
				LD_RUNPATH_SEARCH_PATHS = (
					"$(inherited)",
					"@executable_path/Frameworks",
				);
				MARKETING_VERSION = 1.0;
				PRODUCT_BUNDLE_IDENTIFIER = com.satyamsovan123.InspireNow;
				PRODUCT_NAME = "$(TARGET_NAME)";
				SUPPORTED_PLATFORMS = "iphoneos iphonesimulator";
				SUPPORTS_MACCATALYST = NO;
				SUPPORTS_MAC_DESIGNED_FOR_IPHONE_IPAD = NO;
				SWIFT_EMIT_LOC_STRINGS = YES;
				SWIFT_VERSION = 5.0;
				TARGETED_DEVICE_FAMILY = "1,2";
			};
			name = Debug;
		};
		E96AFB032A421A26001A4E85 /* Release */ = {
			isa = XCBuildConfiguration;
			buildSettings = {
				ASSETCATALOG_COMPILER_ALTERNATE_APPICON_NAMES = AlternateAppIcon;
				ASSETCATALOG_COMPILER_APPICON_NAME = AppIcon;
				"ASSETCATALOG_COMPILER_APPICON_NAME[sdk=*]" = AppIcon;
				ASSETCATALOG_COMPILER_GLOBAL_ACCENT_COLOR_NAME = AccentColor;
				ASSETCATALOG_COMPILER_INCLUDE_ALL_APPICON_ASSETS = YES;
				CODE_SIGN_STYLE = Automatic;
				CURRENT_PROJECT_VERSION = 1;
				DEVELOPMENT_TEAM = 699B45TF7E;
				GENERATE_INFOPLIST_FILE = YES;
				INFOPLIST_FILE = InspireNow/Info.plist;
				INFOPLIST_KEY_CFBundleDisplayName = InspireNow;
				INFOPLIST_KEY_LSApplicationCategoryType = "public.app-category.reference";
				INFOPLIST_KEY_UIApplicationSupportsIndirectInputEvents = YES;
				INFOPLIST_KEY_UILaunchStoryboardName = LaunchScreen.storyboard;
				INFOPLIST_KEY_UIMainStoryboardFile = Main;
				INFOPLIST_KEY_UIRequiresFullScreen = YES;
				INFOPLIST_KEY_UISupportedInterfaceOrientations_iPad = "UIInterfaceOrientationPortrait UIInterfaceOrientationPortraitUpsideDown UIInterfaceOrientationLandscapeLeft UIInterfaceOrientationLandscapeRight";
				INFOPLIST_KEY_UISupportedInterfaceOrientations_iPhone = "UIInterfaceOrientationPortrait UIInterfaceOrientationLandscapeLeft UIInterfaceOrientationLandscapeRight";
				LD_RUNPATH_SEARCH_PATHS = (
					"$(inherited)",
					"@executable_path/Frameworks",
				);
				MARKETING_VERSION = 1.0;
				PRODUCT_BUNDLE_IDENTIFIER = com.satyamsovan123.InspireNow;
				PRODUCT_NAME = "$(TARGET_NAME)";
				SUPPORTED_PLATFORMS = "iphoneos iphonesimulator";
				SUPPORTS_MACCATALYST = NO;
				SUPPORTS_MAC_DESIGNED_FOR_IPHONE_IPAD = NO;
				SWIFT_EMIT_LOC_STRINGS = YES;
				SWIFT_VERSION = 5.0;
				TARGETED_DEVICE_FAMILY = "1,2";
			};
			name = Release;
		};
/* End XCBuildConfiguration section */

/* Begin XCConfigurationList section */
		E96AFAE82A421A25001A4E85 /* Build configuration list for PBXProject "InspireNow" */ = {
			isa = XCConfigurationList;
			buildConfigurations = (
				E96AFAFF2A421A26001A4E85 /* Debug */,
				E96AFB002A421A26001A4E85 /* Release */,
			);
			defaultConfigurationIsVisible = 0;
			defaultConfigurationName = Release;
		};
		E96AFB012A421A26001A4E85 /* Build configuration list for PBXNativeTarget "InspireNow" */ = {
			isa = XCConfigurationList;
			buildConfigurations = (
				E96AFB022A421A26001A4E85 /* Debug */,
				E96AFB032A421A26001A4E85 /* Release */,
			);
			defaultConfigurationIsVisible = 0;
			defaultConfigurationName = Release;
		};
/* End XCConfigurationList section */
	};
	rootObject = E96AFAE52A421A25001A4E85 /* Project object */;
}
